
Microsoft Visual Studio Solution File, Format Version 12.00
# Visual Studio Version 16
VisualStudioVersion = 16.0.30225.117
MinimumVisualStudioVersion = 10.0.40219.1
Project("{FAE04EC0-301F-11D3-BF4B-00C04F79EFBC}") = "CSharpLevel2", "CSharpLevel2.csproj", "{9AE3FA7B-7359-4CF5-877F-9F3C588D157A}"
EndProject
Global
	GlobalSection(SolutionConfigurationPlatforms) = preSolution
		Debug|Any CPU = Debug|Any CPU
		Release|Any CPU = Release|Any CPU
	EndGlobalSection
	GlobalSection(ProjectConfigurationPlatforms) = postSolution
		{9AE3FA7B-7359-4CF5-877F-9F3C588D157A}.Debug|Any CPU.ActiveCfg = Debug|Any CPU
		{9AE3FA7B-7359-4CF5-877F-9F3C588D157A}.Debug|Any CPU.Build.0 = Debug|Any CPU
		{9AE3FA7B-7359-4CF5-877F-9F3C588D157A}.Release|Any CPU.ActiveCfg = Release|Any CPU
		{9AE3FA7B-7359-4CF5-877F-9F3C588D157A}.Release|Any CPU.Build.0 = Release|Any CPU
	EndGlobalSection
	GlobalSection(SolutionProperties) = preSolution
		HideSolutionNode = FALSE
	EndGlobalSection
	GlobalSection(ExtensibilityGlobals) = postSolution
		SolutionGuid = {C850DD54-805D-4F0F-A73B-DB6DC0CDFC40}
	EndGlobalSection
EndGlobal
