
Microsoft Visual Studio Solution File, Format Version 12.00
# Visual Studio Version 16
VisualStudioVersion = 16.0.30225.117
MinimumVisualStudioVersion = 10.0.40219.1
Project("{FAE04EC0-301F-11D3-BF4B-00C04F79EFBC}") = "WebDriverAdvancedTests", "..\WebDriverAdvancedTests\WebDriverAdvancedTests.csproj", "{51106F3E-F7E8-48D8-A51F-4E94D287944E}"
EndProject
Global
	GlobalSection(SolutionConfigurationPlatforms) = preSolution
		Debug|Any CPU = Debug|Any CPU
		Release|Any CPU = Release|Any CPU
	EndGlobalSection
	GlobalSection(ProjectConfigurationPlatforms) = postSolution
		{51106F3E-F7E8-48D8-A51F-4E94D287944E}.Debug|Any CPU.ActiveCfg = Debug|Any CPU
		{51106F3E-F7E8-48D8-A51F-4E94D287944E}.Debug|Any CPU.Build.0 = Debug|Any CPU
		{51106F3E-F7E8-48D8-A51F-4E94D287944E}.Release|Any CPU.ActiveCfg = Release|Any CPU
		{51106F3E-F7E8-48D8-A51F-4E94D287944E}.Release|Any CPU.Build.0 = Release|Any CPU
	EndGlobalSection
	GlobalSection(SolutionProperties) = preSolution
		HideSolutionNode = FALSE
	EndGlobalSection
	GlobalSection(ExtensibilityGlobals) = postSolution
		SolutionGuid = {C850DD54-805D-4F0F-A73B-DB6DC0CDFC40}
	EndGlobalSection
EndGlobal
