
Microsoft Visual Studio Solution File, Format Version 12.00
# Visual Studio Version 16
VisualStudioVersion = 16.0.30611.23
MinimumVisualStudioVersion = 10.0.40219.1
Project("{9A19103F-16F7-4668-BE54-9A1E7A4F7556}") = "WebDriverAdvancedTests", "WebDriverAdvancedTests.csproj", "{E20C534E-9983-45D9-969F-15AEDBBEC712}"
EndProject
Project("{9A19103F-16F7-4668-BE54-9A1E7A4F7556}") = "AppiumGettingStartedTests", "..\AppiumGettingStartedTests\AppiumGettingStartedTests\AppiumGettingStartedTests.csproj", "{DBEE4FE8-6822-4E1C-8A4F-2C128D35215C}"
EndProject
Project("{9A19103F-16F7-4668-BE54-9A1E7A4F7556}") = "WinAppDriverTests", "..\WinAppDriverTests\WinAppDriverTests.csproj", "{9EA6D8D3-0B30-4336-B1B6-6649DCEE2C54}"
EndProject
Project("{FAE04EC0-301F-11D3-BF4B-00C04F79EFBC}") = "CalculatorTest", "..\CalculatorTest\CalculatorTest.csproj", "{B2C5ADFF-D6B5-48C1-BB8C-571BFD583D7F}"
EndProject
Project("{FAE04EC0-301F-11D3-BF4B-00C04F79EFBC}") = "WinAppDriverNUnitAllure", "..\WinAppDriverNUnitAllure\WinAppDriverNUnitAllure.csproj", "{F5D7CEC9-48D0-463D-80CE-A97FC1638347}"
EndProject
Global
	GlobalSection(SolutionConfigurationPlatforms) = preSolution
		Debug|Any CPU = Debug|Any CPU
		Release|Any CPU = Release|Any CPU
	EndGlobalSection
	GlobalSection(ProjectConfigurationPlatforms) = postSolution
		{E20C534E-9983-45D9-969F-15AEDBBEC712}.Debug|Any CPU.ActiveCfg = Debug|Any CPU
		{E20C534E-9983-45D9-969F-15AEDBBEC712}.Debug|Any CPU.Build.0 = Debug|Any CPU
		{E20C534E-9983-45D9-969F-15AEDBBEC712}.Release|Any CPU.ActiveCfg = Release|Any CPU
		{E20C534E-9983-45D9-969F-15AEDBBEC712}.Release|Any CPU.Build.0 = Release|Any CPU
		{DBEE4FE8-6822-4E1C-8A4F-2C128D35215C}.Debug|Any CPU.ActiveCfg = Debug|Any CPU
		{DBEE4FE8-6822-4E1C-8A4F-2C128D35215C}.Debug|Any CPU.Build.0 = Debug|Any CPU
		{DBEE4FE8-6822-4E1C-8A4F-2C128D35215C}.Release|Any CPU.ActiveCfg = Release|Any CPU
		{DBEE4FE8-6822-4E1C-8A4F-2C128D35215C}.Release|Any CPU.Build.0 = Release|Any CPU
		{9EA6D8D3-0B30-4336-B1B6-6649DCEE2C54}.Debug|Any CPU.ActiveCfg = Debug|Any CPU
		{9EA6D8D3-0B30-4336-B1B6-6649DCEE2C54}.Debug|Any CPU.Build.0 = Debug|Any CPU
		{9EA6D8D3-0B30-4336-B1B6-6649DCEE2C54}.Release|Any CPU.ActiveCfg = Release|Any CPU
		{9EA6D8D3-0B30-4336-B1B6-6649DCEE2C54}.Release|Any CPU.Build.0 = Release|Any CPU
		{B2C5ADFF-D6B5-48C1-BB8C-571BFD583D7F}.Debug|Any CPU.ActiveCfg = Debug|Any CPU
		{B2C5ADFF-D6B5-48C1-BB8C-571BFD583D7F}.Debug|Any CPU.Build.0 = Debug|Any CPU
		{B2C5ADFF-D6B5-48C1-BB8C-571BFD583D7F}.Release|Any CPU.ActiveCfg = Release|Any CPU
		{B2C5ADFF-D6B5-48C1-BB8C-571BFD583D7F}.Release|Any CPU.Build.0 = Release|Any CPU
		{F5D7CEC9-48D0-463D-80CE-A97FC1638347}.Debug|Any CPU.ActiveCfg = Debug|Any CPU
		{F5D7CEC9-48D0-463D-80CE-A97FC1638347}.Debug|Any CPU.Build.0 = Debug|Any CPU
		{F5D7CEC9-48D0-463D-80CE-A97FC1638347}.Release|Any CPU.ActiveCfg = Release|Any CPU
		{F5D7CEC9-48D0-463D-80CE-A97FC1638347}.Release|Any CPU.Build.0 = Release|Any CPU
	EndGlobalSection
	GlobalSection(SolutionProperties) = preSolution
		HideSolutionNode = FALSE
	EndGlobalSection
	GlobalSection(ExtensibilityGlobals) = postSolution
		SolutionGuid = {BB483AB9-1691-45AA-BC4B-7D93809A414B}
	EndGlobalSection
EndGlobal
